
Microsoft Visual Studio Solution File, Format Version 12.00
# Visual Studio Version 17
VisualStudioVersion = 17.8.34525.116
MinimumVisualStudioVersion = 10.0.40219.1
Project("{FAE04EC0-301F-11D3-BF4B-00C04F79EFBC}") = "laba 3", "laba 3\laba 3.csproj", "{6C7F914B-BBE7-4900-9F09-261B1ACCD21D}"
EndProject
Global
	GlobalSection(SolutionConfigurationPlatforms) = preSolution
		Debug|Any CPU = Debug|Any CPU
		Release|Any CPU = Release|Any CPU
	EndGlobalSection
	GlobalSection(ProjectConfigurationPlatforms) = postSolution
		{6C7F914B-BBE7-4900-9F09-261B1ACCD21D}.Debug|Any CPU.ActiveCfg = Debug|Any CPU
		{6C7F914B-BBE7-4900-9F09-261B1ACCD21D}.Debug|Any CPU.Build.0 = Debug|Any CPU
		{6C7F914B-BBE7-4900-9F09-261B1ACCD21D}.Release|Any CPU.ActiveCfg = Release|Any CPU
		{6C7F914B-BBE7-4900-9F09-261B1ACCD21D}.Release|Any CPU.Build.0 = Release|Any CPU
	EndGlobalSection
	GlobalSection(SolutionProperties) = preSolution
		HideSolutionNode = FALSE
	EndGlobalSection
	GlobalSection(ExtensibilityGlobals) = postSolution
		SolutionGuid = {583FC3F3-5431-48AA-A7BC-852712B41929}
	EndGlobalSection
EndGlobal
